
Microsoft Visual Studio Solution File, Format Version 12.00
# Visual Studio 2013
VisualStudioVersion = 12.0.21005.1
MinimumVisualStudioVersion = 10.0.40219.1
Project("{FAE04EC0-301F-11D3-BF4B-00C04F79EFBC}") = "PL", "Seguritas\PL.csproj", "{D4E2D89B-85A3-42C9-B03C-476ACEAFD07F}"
EndProject
Project("{FAE04EC0-301F-11D3-BF4B-00C04F79EFBC}") = "BL", "BL\BL.csproj", "{06DB2D6F-9B59-4976-8FE7-80560B52DBF3}"
EndProject
Project("{FAE04EC0-301F-11D3-BF4B-00C04F79EFBC}") = "DL", "DL\DL.csproj", "{59E3571A-013D-4411-A8C9-A772F8EAF860}"
EndProject
Project("{FAE04EC0-301F-11D3-BF4B-00C04F79EFBC}") = "SL", "SL\SL.csproj", "{4E10A4B6-80BB-41F2-9995-696863A1336E}"
EndProject
Global
	GlobalSection(SolutionConfigurationPlatforms) = preSolution
		Debug|Any CPU = Debug|Any CPU
		Release|Any CPU = Release|Any CPU
	EndGlobalSection
	GlobalSection(ProjectConfigurationPlatforms) = postSolution
		{D4E2D89B-85A3-42C9-B03C-476ACEAFD07F}.Debug|Any CPU.ActiveCfg = Debug|Any CPU
		{D4E2D89B-85A3-42C9-B03C-476ACEAFD07F}.Debug|Any CPU.Build.0 = Debug|Any CPU
		{D4E2D89B-85A3-42C9-B03C-476ACEAFD07F}.Release|Any CPU.ActiveCfg = Release|Any CPU
		{D4E2D89B-85A3-42C9-B03C-476ACEAFD07F}.Release|Any CPU.Build.0 = Release|Any CPU
		{06DB2D6F-9B59-4976-8FE7-80560B52DBF3}.Debug|Any CPU.ActiveCfg = Debug|Any CPU
		{06DB2D6F-9B59-4976-8FE7-80560B52DBF3}.Debug|Any CPU.Build.0 = Debug|Any CPU
		{06DB2D6F-9B59-4976-8FE7-80560B52DBF3}.Release|Any CPU.ActiveCfg = Release|Any CPU
		{06DB2D6F-9B59-4976-8FE7-80560B52DBF3}.Release|Any CPU.Build.0 = Release|Any CPU
		{59E3571A-013D-4411-A8C9-A772F8EAF860}.Debug|Any CPU.ActiveCfg = Debug|Any CPU
		{59E3571A-013D-4411-A8C9-A772F8EAF860}.Debug|Any CPU.Build.0 = Debug|Any CPU
		{59E3571A-013D-4411-A8C9-A772F8EAF860}.Release|Any CPU.ActiveCfg = Release|Any CPU
		{59E3571A-013D-4411-A8C9-A772F8EAF860}.Release|Any CPU.Build.0 = Release|Any CPU
		{4E10A4B6-80BB-41F2-9995-696863A1336E}.Debug|Any CPU.ActiveCfg = Debug|Any CPU
		{4E10A4B6-80BB-41F2-9995-696863A1336E}.Debug|Any CPU.Build.0 = Debug|Any CPU
		{4E10A4B6-80BB-41F2-9995-696863A1336E}.Release|Any CPU.ActiveCfg = Release|Any CPU
		{4E10A4B6-80BB-41F2-9995-696863A1336E}.Release|Any CPU.Build.0 = Release|Any CPU
	EndGlobalSection
	GlobalSection(SolutionProperties) = preSolution
		HideSolutionNode = FALSE
	EndGlobalSection
EndGlobal
